// !$*UTF8*$!
{
	archiveVersion = 1;
	classes = {
	};
	objectVersion = 77;
	objects = {

<<<<<<< HEAD
/* Begin PBXBuildFile section */
		861F30CF2E1EA97000908D98 /* Alert.swift in Sources */ = {isa = PBXBuildFile; fileRef = 861F30C72E1EA97000908D98 /* Alert.swift */; };
		861F30D02E1EA97000908D98 /* BaracodeScannerViewModel.swift in Sources */ = {isa = PBXBuildFile; fileRef = 861F30C92E1EA97000908D98 /* BaracodeScannerViewModel.swift */; };
		861F30D12E1EA97000908D98 /* BarcodeScannerApp.swift in Sources */ = {isa = PBXBuildFile; fileRef = 861F30CA2E1EA97000908D98 /* BarcodeScannerApp.swift */; };
		861F30D22E1EA97000908D98 /* BarcodeScannerView.swift in Sources */ = {isa = PBXBuildFile; fileRef = 861F30CB2E1EA97000908D98 /* BarcodeScannerView.swift */; };
		861F30D32E1EA97000908D98 /* ScannerVC.swift in Sources */ = {isa = PBXBuildFile; fileRef = 861F30CC2E1EA97000908D98 /* ScannerVC.swift */; };
		861F30D42E1EA97000908D98 /* ScannerView.swift in Sources */ = {isa = PBXBuildFile; fileRef = 861F30CD2E1EA97000908D98 /* ScannerView.swift */; };
		861F30D52E1EA97000908D98 /* Assets.xcassets in Resources */ = {isa = PBXBuildFile; fileRef = 861F30C82E1EA97000908D98 /* Assets.xcassets */; };
/* End PBXBuildFile section */

/* Begin PBXFileReference section */
		861F30C72E1EA97000908D98 /* Alert.swift */ = {isa = PBXFileReference; lastKnownFileType = sourcecode.swift; path = Alert.swift; sourceTree = "<group>"; };
		861F30C82E1EA97000908D98 /* Assets.xcassets */ = {isa = PBXFileReference; lastKnownFileType = folder.assetcatalog; path = Assets.xcassets; sourceTree = "<group>"; };
		861F30C92E1EA97000908D98 /* BaracodeScannerViewModel.swift */ = {isa = PBXFileReference; lastKnownFileType = sourcecode.swift; path = BaracodeScannerViewModel.swift; sourceTree = "<group>"; };
		861F30CA2E1EA97000908D98 /* BarcodeScannerApp.swift */ = {isa = PBXFileReference; lastKnownFileType = sourcecode.swift; path = BarcodeScannerApp.swift; sourceTree = "<group>"; };
		861F30CB2E1EA97000908D98 /* BarcodeScannerView.swift */ = {isa = PBXFileReference; lastKnownFileType = sourcecode.swift; path = BarcodeScannerView.swift; sourceTree = "<group>"; };
		861F30CC2E1EA97000908D98 /* ScannerVC.swift */ = {isa = PBXFileReference; lastKnownFileType = sourcecode.swift; path = ScannerVC.swift; sourceTree = "<group>"; };
		861F30CD2E1EA97000908D98 /* ScannerView.swift */ = {isa = PBXFileReference; lastKnownFileType = sourcecode.swift; path = ScannerView.swift; sourceTree = "<group>"; };
		866CD16B2E1D70F6003C0E22 /* BarcodeScanner.app */ = {isa = PBXFileReference; explicitFileType = wrapper.application; includeInIndex = 0; path = BarcodeScanner.app; sourceTree = BUILT_PRODUCTS_DIR; };
/* End PBXFileReference section */

=======
/* Begin PBXFileReference section */
		866CD16B2E1D70F6003C0E22 /* BarcodeScanner.app */ = {isa = PBXFileReference; explicitFileType = wrapper.application; includeInIndex = 0; path = BarcodeScanner.app; sourceTree = BUILT_PRODUCTS_DIR; };
/* End PBXFileReference section */

/* Begin PBXFileSystemSynchronizedRootGroup section */
		866CD16D2E1D70F6003C0E22 /* BarcodeScanner */ = {
			isa = PBXFileSystemSynchronizedRootGroup;
			path = BarcodeScanner;
			sourceTree = "<group>";
		};
/* End PBXFileSystemSynchronizedRootGroup section */

>>>>>>> 7576f076ab9062c3cff1114604725be45c524c4b
/* Begin PBXFrameworksBuildPhase section */
		866CD1682E1D70F6003C0E22 /* Frameworks */ = {
			isa = PBXFrameworksBuildPhase;
			buildActionMask = 2147483647;
			files = (
			);
			runOnlyForDeploymentPostprocessing = 0;
		};
/* End PBXFrameworksBuildPhase section */

/* Begin PBXGroup section */
<<<<<<< HEAD
		861F30C62E1EA97000908D98 /* Screens */ = {
			isa = PBXGroup;
			children = (
				861F30D62E1EA97500908D98 /* BaracodeScanner */,
			);
			path = Screens;
			sourceTree = "<group>";
		};
		861F30CE2E1EA97000908D98 /* BarcodeScanner */ = {
			isa = PBXGroup;
			children = (
				861F30D92E1EA9D900908D98 /* Utilities */,
				861F30D72E1EA99C00908D98 /* View */,
				861F30C62E1EA97000908D98 /* Screens */,
				861F30C82E1EA97000908D98 /* Assets.xcassets */,
				861F30CA2E1EA97000908D98 /* BarcodeScannerApp.swift */,
			);
			path = BarcodeScanner;
			sourceTree = "<group>";
		};
		861F30D62E1EA97500908D98 /* BaracodeScanner */ = {
			isa = PBXGroup;
			children = (
				861F30C92E1EA97000908D98 /* BaracodeScannerViewModel.swift */,
				861F30CB2E1EA97000908D98 /* BarcodeScannerView.swift */,
			);
			path = BaracodeScanner;
			sourceTree = "<group>";
		};
		861F30D72E1EA99C00908D98 /* View */ = {
			isa = PBXGroup;
			children = (
				861F30D82E1EA9A200908D98 /* UIKit Components */,
			);
			path = View;
			sourceTree = "<group>";
		};
		861F30D82E1EA9A200908D98 /* UIKit Components */ = {
			isa = PBXGroup;
			children = (
				861F30CC2E1EA97000908D98 /* ScannerVC.swift */,
				861F30CD2E1EA97000908D98 /* ScannerView.swift */,
			);
			path = "UIKit Components";
			sourceTree = "<group>";
		};
		861F30D92E1EA9D900908D98 /* Utilities */ = {
			isa = PBXGroup;
			children = (
				861F30C72E1EA97000908D98 /* Alert.swift */,
			);
			path = Utilities;
			sourceTree = "<group>";
		};
		866CD1622E1D70F6003C0E22 = {
			isa = PBXGroup;
			children = (
				861F30CE2E1EA97000908D98 /* BarcodeScanner */,
=======
		866CD1622E1D70F6003C0E22 = {
			isa = PBXGroup;
			children = (
				866CD16D2E1D70F6003C0E22 /* BarcodeScanner */,
>>>>>>> 7576f076ab9062c3cff1114604725be45c524c4b
				866CD16C2E1D70F6003C0E22 /* Products */,
			);
			sourceTree = "<group>";
		};
		866CD16C2E1D70F6003C0E22 /* Products */ = {
			isa = PBXGroup;
			children = (
				866CD16B2E1D70F6003C0E22 /* BarcodeScanner.app */,
			);
			name = Products;
			sourceTree = "<group>";
		};
/* End PBXGroup section */

/* Begin PBXNativeTarget section */
		866CD16A2E1D70F6003C0E22 /* BarcodeScanner */ = {
			isa = PBXNativeTarget;
			buildConfigurationList = 866CD1762E1D70F8003C0E22 /* Build configuration list for PBXNativeTarget "BarcodeScanner" */;
			buildPhases = (
				866CD1672E1D70F6003C0E22 /* Sources */,
				866CD1682E1D70F6003C0E22 /* Frameworks */,
				866CD1692E1D70F6003C0E22 /* Resources */,
			);
			buildRules = (
			);
			dependencies = (
			);
<<<<<<< HEAD
=======
			fileSystemSynchronizedGroups = (
				866CD16D2E1D70F6003C0E22 /* BarcodeScanner */,
			);
>>>>>>> 7576f076ab9062c3cff1114604725be45c524c4b
			name = BarcodeScanner;
			packageProductDependencies = (
			);
			productName = BarcodeScanner;
			productReference = 866CD16B2E1D70F6003C0E22 /* BarcodeScanner.app */;
			productType = "com.apple.product-type.application";
		};
/* End PBXNativeTarget section */

/* Begin PBXProject section */
		866CD1632E1D70F6003C0E22 /* Project object */ = {
			isa = PBXProject;
			attributes = {
				BuildIndependentTargetsInParallel = 1;
				LastSwiftUpdateCheck = 1640;
				LastUpgradeCheck = 1640;
				TargetAttributes = {
					866CD16A2E1D70F6003C0E22 = {
						CreatedOnToolsVersion = 16.4;
					};
				};
			};
			buildConfigurationList = 866CD1662E1D70F6003C0E22 /* Build configuration list for PBXProject "BarcodeScanner" */;
			developmentRegion = en;
			hasScannedForEncodings = 0;
			knownRegions = (
				en,
				Base,
			);
			mainGroup = 866CD1622E1D70F6003C0E22;
			minimizedProjectReferenceProxies = 1;
			preferredProjectObjectVersion = 77;
			productRefGroup = 866CD16C2E1D70F6003C0E22 /* Products */;
			projectDirPath = "";
			projectRoot = "";
			targets = (
				866CD16A2E1D70F6003C0E22 /* BarcodeScanner */,
			);
		};
/* End PBXProject section */

/* Begin PBXResourcesBuildPhase section */
		866CD1692E1D70F6003C0E22 /* Resources */ = {
			isa = PBXResourcesBuildPhase;
			buildActionMask = 2147483647;
			files = (
<<<<<<< HEAD
				861F30D52E1EA97000908D98 /* Assets.xcassets in Resources */,
=======
>>>>>>> 7576f076ab9062c3cff1114604725be45c524c4b
			);
			runOnlyForDeploymentPostprocessing = 0;
		};
/* End PBXResourcesBuildPhase section */

/* Begin PBXSourcesBuildPhase section */
		866CD1672E1D70F6003C0E22 /* Sources */ = {
			isa = PBXSourcesBuildPhase;
			buildActionMask = 2147483647;
			files = (
<<<<<<< HEAD
				861F30CF2E1EA97000908D98 /* Alert.swift in Sources */,
				861F30D02E1EA97000908D98 /* BaracodeScannerViewModel.swift in Sources */,
				861F30D12E1EA97000908D98 /* BarcodeScannerApp.swift in Sources */,
				861F30D22E1EA97000908D98 /* BarcodeScannerView.swift in Sources */,
				861F30D32E1EA97000908D98 /* ScannerVC.swift in Sources */,
				861F30D42E1EA97000908D98 /* ScannerView.swift in Sources */,
=======
>>>>>>> 7576f076ab9062c3cff1114604725be45c524c4b
			);
			runOnlyForDeploymentPostprocessing = 0;
		};
/* End PBXSourcesBuildPhase section */

/* Begin XCBuildConfiguration section */
		866CD1742E1D70F8003C0E22 /* Debug */ = {
			isa = XCBuildConfiguration;
			buildSettings = {
				ALWAYS_SEARCH_USER_PATHS = NO;
				ASSETCATALOG_COMPILER_GENERATE_SWIFT_ASSET_SYMBOL_EXTENSIONS = YES;
				CLANG_ANALYZER_NONNULL = YES;
				CLANG_ANALYZER_NUMBER_OBJECT_CONVERSION = YES_AGGRESSIVE;
				CLANG_CXX_LANGUAGE_STANDARD = "gnu++20";
				CLANG_ENABLE_MODULES = YES;
				CLANG_ENABLE_OBJC_ARC = YES;
				CLANG_ENABLE_OBJC_WEAK = YES;
				CLANG_WARN_BLOCK_CAPTURE_AUTORELEASING = YES;
				CLANG_WARN_BOOL_CONVERSION = YES;
				CLANG_WARN_COMMA = YES;
				CLANG_WARN_CONSTANT_CONVERSION = YES;
				CLANG_WARN_DEPRECATED_OBJC_IMPLEMENTATIONS = YES;
				CLANG_WARN_DIRECT_OBJC_ISA_USAGE = YES_ERROR;
				CLANG_WARN_DOCUMENTATION_COMMENTS = YES;
				CLANG_WARN_EMPTY_BODY = YES;
				CLANG_WARN_ENUM_CONVERSION = YES;
				CLANG_WARN_INFINITE_RECURSION = YES;
				CLANG_WARN_INT_CONVERSION = YES;
				CLANG_WARN_NON_LITERAL_NULL_CONVERSION = YES;
				CLANG_WARN_OBJC_IMPLICIT_RETAIN_SELF = YES;
				CLANG_WARN_OBJC_LITERAL_CONVERSION = YES;
				CLANG_WARN_OBJC_ROOT_CLASS = YES_ERROR;
				CLANG_WARN_QUOTED_INCLUDE_IN_FRAMEWORK_HEADER = YES;
				CLANG_WARN_RANGE_LOOP_ANALYSIS = YES;
				CLANG_WARN_STRICT_PROTOTYPES = YES;
				CLANG_WARN_SUSPICIOUS_MOVE = YES;
				CLANG_WARN_UNGUARDED_AVAILABILITY = YES_AGGRESSIVE;
				CLANG_WARN_UNREACHABLE_CODE = YES;
				CLANG_WARN__DUPLICATE_METHOD_MATCH = YES;
				COPY_PHASE_STRIP = NO;
				DEBUG_INFORMATION_FORMAT = dwarf;
				DEVELOPMENT_TEAM = 7ZK4W3ZNK9;
				ENABLE_STRICT_OBJC_MSGSEND = YES;
				ENABLE_TESTABILITY = YES;
				ENABLE_USER_SCRIPT_SANDBOXING = YES;
				GCC_C_LANGUAGE_STANDARD = gnu17;
				GCC_DYNAMIC_NO_PIC = NO;
				GCC_NO_COMMON_BLOCKS = YES;
				GCC_OPTIMIZATION_LEVEL = 0;
				GCC_PREPROCESSOR_DEFINITIONS = (
					"DEBUG=1",
					"$(inherited)",
				);
				GCC_WARN_64_TO_32_BIT_CONVERSION = YES;
				GCC_WARN_ABOUT_RETURN_TYPE = YES_ERROR;
				GCC_WARN_UNDECLARED_SELECTOR = YES;
				GCC_WARN_UNINITIALIZED_AUTOS = YES_AGGRESSIVE;
				GCC_WARN_UNUSED_FUNCTION = YES;
				GCC_WARN_UNUSED_VARIABLE = YES;
				IPHONEOS_DEPLOYMENT_TARGET = 18.5;
				LOCALIZATION_PREFERS_STRING_CATALOGS = YES;
				MTL_ENABLE_DEBUG_INFO = INCLUDE_SOURCE;
				MTL_FAST_MATH = YES;
				ONLY_ACTIVE_ARCH = YES;
				SDKROOT = iphoneos;
				SWIFT_ACTIVE_COMPILATION_CONDITIONS = "DEBUG $(inherited)";
				SWIFT_OPTIMIZATION_LEVEL = "-Onone";
			};
			name = Debug;
		};
		866CD1752E1D70F8003C0E22 /* Release */ = {
			isa = XCBuildConfiguration;
			buildSettings = {
				ALWAYS_SEARCH_USER_PATHS = NO;
				ASSETCATALOG_COMPILER_GENERATE_SWIFT_ASSET_SYMBOL_EXTENSIONS = YES;
				CLANG_ANALYZER_NONNULL = YES;
				CLANG_ANALYZER_NUMBER_OBJECT_CONVERSION = YES_AGGRESSIVE;
				CLANG_CXX_LANGUAGE_STANDARD = "gnu++20";
				CLANG_ENABLE_MODULES = YES;
				CLANG_ENABLE_OBJC_ARC = YES;
				CLANG_ENABLE_OBJC_WEAK = YES;
				CLANG_WARN_BLOCK_CAPTURE_AUTORELEASING = YES;
				CLANG_WARN_BOOL_CONVERSION = YES;
				CLANG_WARN_COMMA = YES;
				CLANG_WARN_CONSTANT_CONVERSION = YES;
				CLANG_WARN_DEPRECATED_OBJC_IMPLEMENTATIONS = YES;
				CLANG_WARN_DIRECT_OBJC_ISA_USAGE = YES_ERROR;
				CLANG_WARN_DOCUMENTATION_COMMENTS = YES;
				CLANG_WARN_EMPTY_BODY = YES;
				CLANG_WARN_ENUM_CONVERSION = YES;
				CLANG_WARN_INFINITE_RECURSION = YES;
				CLANG_WARN_INT_CONVERSION = YES;
				CLANG_WARN_NON_LITERAL_NULL_CONVERSION = YES;
				CLANG_WARN_OBJC_IMPLICIT_RETAIN_SELF = YES;
				CLANG_WARN_OBJC_LITERAL_CONVERSION = YES;
				CLANG_WARN_OBJC_ROOT_CLASS = YES_ERROR;
				CLANG_WARN_QUOTED_INCLUDE_IN_FRAMEWORK_HEADER = YES;
				CLANG_WARN_RANGE_LOOP_ANALYSIS = YES;
				CLANG_WARN_STRICT_PROTOTYPES = YES;
				CLANG_WARN_SUSPICIOUS_MOVE = YES;
				CLANG_WARN_UNGUARDED_AVAILABILITY = YES_AGGRESSIVE;
				CLANG_WARN_UNREACHABLE_CODE = YES;
				CLANG_WARN__DUPLICATE_METHOD_MATCH = YES;
				COPY_PHASE_STRIP = NO;
				DEBUG_INFORMATION_FORMAT = "dwarf-with-dsym";
				DEVELOPMENT_TEAM = 7ZK4W3ZNK9;
				ENABLE_NS_ASSERTIONS = NO;
				ENABLE_STRICT_OBJC_MSGSEND = YES;
				ENABLE_USER_SCRIPT_SANDBOXING = YES;
				GCC_C_LANGUAGE_STANDARD = gnu17;
				GCC_NO_COMMON_BLOCKS = YES;
				GCC_WARN_64_TO_32_BIT_CONVERSION = YES;
				GCC_WARN_ABOUT_RETURN_TYPE = YES_ERROR;
				GCC_WARN_UNDECLARED_SELECTOR = YES;
				GCC_WARN_UNINITIALIZED_AUTOS = YES_AGGRESSIVE;
				GCC_WARN_UNUSED_FUNCTION = YES;
				GCC_WARN_UNUSED_VARIABLE = YES;
				IPHONEOS_DEPLOYMENT_TARGET = 18.5;
				LOCALIZATION_PREFERS_STRING_CATALOGS = YES;
				MTL_ENABLE_DEBUG_INFO = NO;
				MTL_FAST_MATH = YES;
				SDKROOT = iphoneos;
				SWIFT_COMPILATION_MODE = wholemodule;
				VALIDATE_PRODUCT = YES;
			};
			name = Release;
		};
		866CD1772E1D70F8003C0E22 /* Debug */ = {
			isa = XCBuildConfiguration;
			buildSettings = {
				ASSETCATALOG_COMPILER_APPICON_NAME = AppIcon;
				ASSETCATALOG_COMPILER_GLOBAL_ACCENT_COLOR_NAME = AccentColor;
				CODE_SIGN_STYLE = Automatic;
				CURRENT_PROJECT_VERSION = 1;
				DEVELOPMENT_TEAM = 7ZK4W3ZNK9;
				ENABLE_PREVIEWS = YES;
				GENERATE_INFOPLIST_FILE = YES;
<<<<<<< HEAD
				INFOPLIST_KEY_NSCameraUsageDescription = "We need to use the camera to scan barcodes.";
=======
>>>>>>> 7576f076ab9062c3cff1114604725be45c524c4b
				INFOPLIST_KEY_UIApplicationSceneManifest_Generation = YES;
				INFOPLIST_KEY_UIApplicationSupportsIndirectInputEvents = YES;
				INFOPLIST_KEY_UILaunchScreen_Generation = YES;
				INFOPLIST_KEY_UISupportedInterfaceOrientations_iPad = "UIInterfaceOrientationPortrait UIInterfaceOrientationPortraitUpsideDown UIInterfaceOrientationLandscapeLeft UIInterfaceOrientationLandscapeRight";
				INFOPLIST_KEY_UISupportedInterfaceOrientations_iPhone = "UIInterfaceOrientationPortrait UIInterfaceOrientationLandscapeLeft UIInterfaceOrientationLandscapeRight";
				LD_RUNPATH_SEARCH_PATHS = (
					"$(inherited)",
					"@executable_path/Frameworks",
				);
				MARKETING_VERSION = 1.0;
				PRODUCT_BUNDLE_IDENTIFIER = DmytroSokotniuk.BarcodeScanner;
				PRODUCT_NAME = "$(TARGET_NAME)";
				SWIFT_EMIT_LOC_STRINGS = YES;
				SWIFT_VERSION = 5.0;
				TARGETED_DEVICE_FAMILY = "1,2";
			};
			name = Debug;
		};
		866CD1782E1D70F8003C0E22 /* Release */ = {
			isa = XCBuildConfiguration;
			buildSettings = {
				ASSETCATALOG_COMPILER_APPICON_NAME = AppIcon;
				ASSETCATALOG_COMPILER_GLOBAL_ACCENT_COLOR_NAME = AccentColor;
				CODE_SIGN_STYLE = Automatic;
				CURRENT_PROJECT_VERSION = 1;
				DEVELOPMENT_TEAM = 7ZK4W3ZNK9;
				ENABLE_PREVIEWS = YES;
				GENERATE_INFOPLIST_FILE = YES;
<<<<<<< HEAD
				INFOPLIST_KEY_NSCameraUsageDescription = "We need to use the camera to scan barcodes.";
=======
>>>>>>> 7576f076ab9062c3cff1114604725be45c524c4b
				INFOPLIST_KEY_UIApplicationSceneManifest_Generation = YES;
				INFOPLIST_KEY_UIApplicationSupportsIndirectInputEvents = YES;
				INFOPLIST_KEY_UILaunchScreen_Generation = YES;
				INFOPLIST_KEY_UISupportedInterfaceOrientations_iPad = "UIInterfaceOrientationPortrait UIInterfaceOrientationPortraitUpsideDown UIInterfaceOrientationLandscapeLeft UIInterfaceOrientationLandscapeRight";
				INFOPLIST_KEY_UISupportedInterfaceOrientations_iPhone = "UIInterfaceOrientationPortrait UIInterfaceOrientationLandscapeLeft UIInterfaceOrientationLandscapeRight";
				LD_RUNPATH_SEARCH_PATHS = (
					"$(inherited)",
					"@executable_path/Frameworks",
				);
				MARKETING_VERSION = 1.0;
				PRODUCT_BUNDLE_IDENTIFIER = DmytroSokotniuk.BarcodeScanner;
				PRODUCT_NAME = "$(TARGET_NAME)";
				SWIFT_EMIT_LOC_STRINGS = YES;
				SWIFT_VERSION = 5.0;
				TARGETED_DEVICE_FAMILY = "1,2";
			};
			name = Release;
		};
/* End XCBuildConfiguration section */

/* Begin XCConfigurationList section */
		866CD1662E1D70F6003C0E22 /* Build configuration list for PBXProject "BarcodeScanner" */ = {
			isa = XCConfigurationList;
			buildConfigurations = (
				866CD1742E1D70F8003C0E22 /* Debug */,
				866CD1752E1D70F8003C0E22 /* Release */,
			);
			defaultConfigurationIsVisible = 0;
			defaultConfigurationName = Release;
		};
		866CD1762E1D70F8003C0E22 /* Build configuration list for PBXNativeTarget "BarcodeScanner" */ = {
			isa = XCConfigurationList;
			buildConfigurations = (
				866CD1772E1D70F8003C0E22 /* Debug */,
				866CD1782E1D70F8003C0E22 /* Release */,
			);
			defaultConfigurationIsVisible = 0;
			defaultConfigurationName = Release;
		};
/* End XCConfigurationList section */
	};
	rootObject = 866CD1632E1D70F6003C0E22 /* Project object */;
}
